
Microsoft Visual Studio Solution File, Format Version 12.00
# Visual Studio Version 16
VisualStudioVersion = 16.0.34601.136
MinimumVisualStudioVersion = 10.0.40219.1
Project("{FAE04EC0-301F-11D3-BF4B-00C04F79EFBC}") = "TestMVC", "TestMVC\TestMVC.csproj", "{93DD4584-4AF4-4C3F-8BD9-D28AF83AA33D}"
EndProject
Global
	GlobalSection(SolutionConfigurationPlatforms) = preSolution
		Debug|Any CPU = Debug|Any CPU
		Release|Any CPU = Release|Any CPU
	EndGlobalSection
	GlobalSection(ProjectConfigurationPlatforms) = postSolution
		{93DD4584-4AF4-4C3F-8BD9-D28AF83AA33D}.Debug|Any CPU.ActiveCfg = Debug|Any CPU
		{93DD4584-4AF4-4C3F-8BD9-D28AF83AA33D}.Debug|Any CPU.Build.0 = Debug|Any CPU
		{93DD4584-4AF4-4C3F-8BD9-D28AF83AA33D}.Release|Any CPU.ActiveCfg = Release|Any CPU
		{93DD4584-4AF4-4C3F-8BD9-D28AF83AA33D}.Release|Any CPU.Build.0 = Release|Any CPU
	EndGlobalSection
	GlobalSection(SolutionProperties) = preSolution
		HideSolutionNode = FALSE
	EndGlobalSection
	GlobalSection(ExtensibilityGlobals) = postSolution
		SolutionGuid = {AA52F680-BFC7-4858-A406-FEED34D4A46F}
	EndGlobalSection
EndGlobal
