
Microsoft Visual Studio Solution File, Format Version 12.00
# Visual Studio Version 16
VisualStudioVersion = 16.0.34601.136
MinimumVisualStudioVersion = 10.0.40219.1
Project("{FAE04EC0-301F-11D3-BF4B-00C04F79EFBC}") = "WebApi_Assignment", "WebApi_Assignment\WebApi_Assignment.csproj", "{BF4C72A9-274D-47A7-B336-59D5B1DB9E80}"
EndProject
Global
	GlobalSection(SolutionConfigurationPlatforms) = preSolution
		Debug|Any CPU = Debug|Any CPU
		Release|Any CPU = Release|Any CPU
	EndGlobalSection
	GlobalSection(ProjectConfigurationPlatforms) = postSolution
		{BF4C72A9-274D-47A7-B336-59D5B1DB9E80}.Debug|Any CPU.ActiveCfg = Debug|Any CPU
		{BF4C72A9-274D-47A7-B336-59D5B1DB9E80}.Debug|Any CPU.Build.0 = Debug|Any CPU
		{BF4C72A9-274D-47A7-B336-59D5B1DB9E80}.Release|Any CPU.ActiveCfg = Release|Any CPU
		{BF4C72A9-274D-47A7-B336-59D5B1DB9E80}.Release|Any CPU.Build.0 = Release|Any CPU
	EndGlobalSection
	GlobalSection(SolutionProperties) = preSolution
		HideSolutionNode = FALSE
	EndGlobalSection
	GlobalSection(ExtensibilityGlobals) = postSolution
		SolutionGuid = {E496FE57-85A1-4E03-9786-9C77174A1723}
	EndGlobalSection
EndGlobal
