
Microsoft Visual Studio Solution File, Format Version 12.00
# Visual Studio Version 16
VisualStudioVersion = 16.0.34601.136
MinimumVisualStudioVersion = 10.0.40219.1
Project("{FAE04EC0-301F-11D3-BF4B-00C04F79EFBC}") = "Web_test1", "Web_test1\Web_test1.csproj", "{F5D03953-6604-4534-9AB4-97B458771F7C}"
EndProject
Global
	GlobalSection(SolutionConfigurationPlatforms) = preSolution
		Debug|Any CPU = Debug|Any CPU
		Release|Any CPU = Release|Any CPU
	EndGlobalSection
	GlobalSection(ProjectConfigurationPlatforms) = postSolution
		{F5D03953-6604-4534-9AB4-97B458771F7C}.Debug|Any CPU.ActiveCfg = Debug|Any CPU
		{F5D03953-6604-4534-9AB4-97B458771F7C}.Debug|Any CPU.Build.0 = Debug|Any CPU
		{F5D03953-6604-4534-9AB4-97B458771F7C}.Release|Any CPU.ActiveCfg = Release|Any CPU
		{F5D03953-6604-4534-9AB4-97B458771F7C}.Release|Any CPU.Build.0 = Release|Any CPU
	EndGlobalSection
	GlobalSection(SolutionProperties) = preSolution
		HideSolutionNode = FALSE
	EndGlobalSection
	GlobalSection(ExtensibilityGlobals) = postSolution
		SolutionGuid = {6344E80D-F3FC-4EA9-B20B-ED80065EB423}
	EndGlobalSection
EndGlobal
