
Microsoft Visual Studio Solution File, Format Version 12.00
# Visual Studio Version 16
VisualStudioVersion = 16.0.34601.136
MinimumVisualStudioVersion = 10.0.40219.1
Project("{FAE04EC0-301F-11D3-BF4B-00C04F79EFBC}") = "Json", "Json\Json.csproj", "{47C9073A-994D-4606-8A99-64E322F2941B}"
EndProject
Global
	GlobalSection(SolutionConfigurationPlatforms) = preSolution
		Debug|Any CPU = Debug|Any CPU
		Release|Any CPU = Release|Any CPU
	EndGlobalSection
	GlobalSection(ProjectConfigurationPlatforms) = postSolution
		{47C9073A-994D-4606-8A99-64E322F2941B}.Debug|Any CPU.ActiveCfg = Debug|Any CPU
		{47C9073A-994D-4606-8A99-64E322F2941B}.Debug|Any CPU.Build.0 = Debug|Any CPU
		{47C9073A-994D-4606-8A99-64E322F2941B}.Release|Any CPU.ActiveCfg = Release|Any CPU
		{47C9073A-994D-4606-8A99-64E322F2941B}.Release|Any CPU.Build.0 = Release|Any CPU
	EndGlobalSection
	GlobalSection(SolutionProperties) = preSolution
		HideSolutionNode = FALSE
	EndGlobalSection
	GlobalSection(ExtensibilityGlobals) = postSolution
		SolutionGuid = {44026BF8-C26B-40FA-8069-EE30721E112A}
	EndGlobalSection
EndGlobal
