
Microsoft Visual Studio Solution File, Format Version 12.00
# Visual Studio Version 16
VisualStudioVersion = 16.0.34601.136
MinimumVisualStudioVersion = 10.0.40219.1
Project("{FAE04EC0-301F-11D3-BF4B-00C04F79EFBC}") = "Assginment_1", "Assginment_1\Assginment_1.csproj", "{2CD692E6-D384-4EA8-A9E0-9EA4490F1117}"
EndProject
Global
	GlobalSection(SolutionConfigurationPlatforms) = preSolution
		Debug|Any CPU = Debug|Any CPU
		Release|Any CPU = Release|Any CPU
	EndGlobalSection
	GlobalSection(ProjectConfigurationPlatforms) = postSolution
		{2CD692E6-D384-4EA8-A9E0-9EA4490F1117}.Debug|Any CPU.ActiveCfg = Debug|Any CPU
		{2CD692E6-D384-4EA8-A9E0-9EA4490F1117}.Debug|Any CPU.Build.0 = Debug|Any CPU
		{2CD692E6-D384-4EA8-A9E0-9EA4490F1117}.Release|Any CPU.ActiveCfg = Release|Any CPU
		{2CD692E6-D384-4EA8-A9E0-9EA4490F1117}.Release|Any CPU.Build.0 = Release|Any CPU
	EndGlobalSection
	GlobalSection(SolutionProperties) = preSolution
		HideSolutionNode = FALSE
	EndGlobalSection
	GlobalSection(ExtensibilityGlobals) = postSolution
		SolutionGuid = {2C7F524C-6D64-45E5-A446-C548FB21759D}
	EndGlobalSection
EndGlobal
