
Microsoft Visual Studio Solution File, Format Version 12.00
# Visual Studio Version 16
VisualStudioVersion = 16.0.34601.136
MinimumVisualStudioVersion = 10.0.40219.1
Project("{FAE04EC0-301F-11D3-BF4B-00C04F79EFBC}") = "Test-2 MVC", "Test-2 MVC\Test-2 MVC.csproj", "{19428A54-F89C-4C95-AA6E-9AF2FE1CEB01}"
EndProject
Global
	GlobalSection(SolutionConfigurationPlatforms) = preSolution
		Debug|Any CPU = Debug|Any CPU
		Release|Any CPU = Release|Any CPU
	EndGlobalSection
	GlobalSection(ProjectConfigurationPlatforms) = postSolution
		{19428A54-F89C-4C95-AA6E-9AF2FE1CEB01}.Debug|Any CPU.ActiveCfg = Debug|Any CPU
		{19428A54-F89C-4C95-AA6E-9AF2FE1CEB01}.Debug|Any CPU.Build.0 = Debug|Any CPU
		{19428A54-F89C-4C95-AA6E-9AF2FE1CEB01}.Release|Any CPU.ActiveCfg = Release|Any CPU
		{19428A54-F89C-4C95-AA6E-9AF2FE1CEB01}.Release|Any CPU.Build.0 = Release|Any CPU
	EndGlobalSection
	GlobalSection(SolutionProperties) = preSolution
		HideSolutionNode = FALSE
	EndGlobalSection
	GlobalSection(ExtensibilityGlobals) = postSolution
		SolutionGuid = {EBAF9229-559E-48C9-A782-4FFB32252550}
	EndGlobalSection
EndGlobal
